
Microsoft Visual Studio Solution File, Format Version 12.00
# Visual Studio Version 16
VisualStudioVersion = 16.0.31624.102
MinimumVisualStudioVersion = 10.0.40219.1
Project("{FAE04EC0-301F-11D3-BF4B-00C04F79EFBC}") = "Tasks", "Tasks.csproj", "{07D211BD-9A37-416B-AD90-9CD1EC783FDD}"
EndProject
Global
	GlobalSection(SolutionConfigurationPlatforms) = preSolution
		Debug|Any CPU = Debug|Any CPU
		Release|Any CPU = Release|Any CPU
	EndGlobalSection
	GlobalSection(ProjectConfigurationPlatforms) = postSolution
		{07D211BD-9A37-416B-AD90-9CD1EC783FDD}.Debug|Any CPU.ActiveCfg = Debug|Any CPU
		{07D211BD-9A37-416B-AD90-9CD1EC783FDD}.Debug|Any CPU.Build.0 = Debug|Any CPU
		{07D211BD-9A37-416B-AD90-9CD1EC783FDD}.Release|Any CPU.ActiveCfg = Release|Any CPU
		{07D211BD-9A37-416B-AD90-9CD1EC783FDD}.Release|Any CPU.Build.0 = Release|Any CPU
	EndGlobalSection
	GlobalSection(SolutionProperties) = preSolution
		HideSolutionNode = FALSE
	EndGlobalSection
	GlobalSection(ExtensibilityGlobals) = postSolution
		SolutionGuid = {6920199B-6C1F-4F7D-B521-B512C07CD496}
	EndGlobalSection
EndGlobal
